
Microsoft Visual Studio Solution File, Format Version 12.00
# Visual Studio Version 17
VisualStudioVersion = 17.8.34316.72
MinimumVisualStudioVersion = 10.0.40219.1
Project("{FAE04EC0-301F-11D3-BF4B-00C04F79EFBC}") = "DaFuWeng_Server", "DaFuWeng_Server.csproj", "{D130AB39-9FE1-427C-80BC-A9CE146C4D22}"
EndProject
Global
	GlobalSection(SolutionConfigurationPlatforms) = preSolution
		Debug|Any CPU = Debug|Any CPU
		Release|Any CPU = Release|Any CPU
	EndGlobalSection
	GlobalSection(ProjectConfigurationPlatforms) = postSolution
		{D130AB39-9FE1-427C-80BC-A9CE146C4D22}.Debug|Any CPU.ActiveCfg = Debug|Any CPU
		{D130AB39-9FE1-427C-80BC-A9CE146C4D22}.Debug|Any CPU.Build.0 = Debug|Any CPU
		{D130AB39-9FE1-427C-80BC-A9CE146C4D22}.Release|Any CPU.ActiveCfg = Release|Any CPU
		{D130AB39-9FE1-427C-80BC-A9CE146C4D22}.Release|Any CPU.Build.0 = Release|Any CPU
	EndGlobalSection
	GlobalSection(SolutionProperties) = preSolution
		HideSolutionNode = FALSE
	EndGlobalSection
	GlobalSection(ExtensibilityGlobals) = postSolution
		SolutionGuid = {B9A2E2FE-AC68-4D91-B9DA-93875542BEC4}
	EndGlobalSection
EndGlobal
